
Microsoft Visual Studio Solution File, Format Version 12.00
# Visual Studio Version 16
VisualStudioVersion = 16.0.29009.5
MinimumVisualStudioVersion = 10.0.40219.1
Project("{8BC9CEB8-8B4A-11D0-8D11-00A0C91BC942}") = "Infix_to_Postfix", "Infix_to_Postfix.vcxproj", "{35EC7610-9380-4945-B541-B24AC5711464}"
EndProject
Global
	GlobalSection(SolutionConfigurationPlatforms) = preSolution
		Debug|x64 = Debug|x64
		Debug|x86 = Debug|x86
		Release|x64 = Release|x64
		Release|x86 = Release|x86
	EndGlobalSection
	GlobalSection(ProjectConfigurationPlatforms) = postSolution
		{35EC7610-9380-4945-B541-B24AC5711464}.Debug|x64.ActiveCfg = Debug|x64
		{35EC7610-9380-4945-B541-B24AC5711464}.Debug|x64.Build.0 = Debug|x64
		{35EC7610-9380-4945-B541-B24AC5711464}.Debug|x86.ActiveCfg = Debug|Win32
		{35EC7610-9380-4945-B541-B24AC5711464}.Debug|x86.Build.0 = Debug|Win32
		{35EC7610-9380-4945-B541-B24AC5711464}.Release|x64.ActiveCfg = Release|x64
		{35EC7610-9380-4945-B541-B24AC5711464}.Release|x64.Build.0 = Release|x64
		{35EC7610-9380-4945-B541-B24AC5711464}.Release|x86.ActiveCfg = Release|Win32
		{35EC7610-9380-4945-B541-B24AC5711464}.Release|x86.Build.0 = Release|Win32
	EndGlobalSection
	GlobalSection(SolutionProperties) = preSolution
		HideSolutionNode = FALSE
	EndGlobalSection
	GlobalSection(ExtensibilityGlobals) = postSolution
		SolutionGuid = {ADAA9E5B-B9DE-4C20-BD42-BB1BC3CBD0B8}
	EndGlobalSection
EndGlobal
